
Microsoft Visual Studio Solution File, Format Version 12.00
# Visual Studio Version 17
VisualStudioVersion = 17.10.35013.160
MinimumVisualStudioVersion = 10.0.40219.1
Project("{FAE04EC0-301F-11D3-BF4B-00C04F79EFBC}") = "Flowers", "Flowers\Flowers.csproj", "{A543F461-A700-4751-9E1B-C776DF7148AA}"
EndProject
Global
	GlobalSection(SolutionConfigurationPlatforms) = preSolution
		Debug|Any CPU = Debug|Any CPU
		Release|Any CPU = Release|Any CPU
	EndGlobalSection
	GlobalSection(ProjectConfigurationPlatforms) = postSolution
		{A543F461-A700-4751-9E1B-C776DF7148AA}.Debug|Any CPU.ActiveCfg = Debug|Any CPU
		{A543F461-A700-4751-9E1B-C776DF7148AA}.Debug|Any CPU.Build.0 = Debug|Any CPU
		{A543F461-A700-4751-9E1B-C776DF7148AA}.Release|Any CPU.ActiveCfg = Release|Any CPU
		{A543F461-A700-4751-9E1B-C776DF7148AA}.Release|Any CPU.Build.0 = Release|Any CPU
	EndGlobalSection
	GlobalSection(SolutionProperties) = preSolution
		HideSolutionNode = FALSE
	EndGlobalSection
	GlobalSection(ExtensibilityGlobals) = postSolution
		SolutionGuid = {203F8863-CD1B-47B4-A8CC-B888406D1B2A}
	EndGlobalSection
EndGlobal
